// !$*UTF8*$!
{
	archiveVersion = 1;
	classes = {
	};
	objectVersion = 77;
	objects = {

/* Begin PBXBuildFile section */
		0042C63B9B9A62046E4D8E45 /* ContentView.swift in Sources */ = {isa = PBXBuildFile; fileRef = 8DF6933B6E8D612B8A83566B /* ContentView.swift */; };
		00C457DB2336B7FB4363BBF1 /* HourlyForecastService.swift in Sources */ = {isa = PBXBuildFile; fileRef = 791E96001E2D6AC475EB2EE7 /* HourlyForecastService.swift */; };
		051438B5AF8DD5337A44EF77 /* AppIconSwitcher.swift in Sources */ = {isa = PBXBuildFile; fileRef = CC121DB9D3603C9481D35B79 /* AppIconSwitcher.swift */; };
		09CCC5023D17EDD6397B177E /* EmptyPlanView.swift in Sources */ = {isa = PBXBuildFile; fileRef = 20B39CB6C6099B13C3F24892 /* EmptyPlanView.swift */; };
		163C42E841944DF349C6DDDA /* OutfitRecommendation.swift in Sources */ = {isa = PBXBuildFile; fileRef = 62B56C68C387BAA8EA331B45 /* OutfitRecommendation.swift */; };
		17D969587D08767FF52F298C /* PlanTimelineProvider.swift in Sources */ = {isa = PBXBuildFile; fileRef = 5CB4A54EF15B6FA4E7C46495 /* PlanTimelineProvider.swift */; };
		1FAF12D18499270FFE1AAC38 /* WearTodayWidgetsExtension.appex in Embed Foundation Extensions */ = {isa = PBXBuildFile; fileRef = 3396C43EAC2CAFDEAB5564A4 /* WearTodayWidgetsExtension.appex */; settings = {ATTRIBUTES = (RemoveHeadersOnCopy, ); }; };
		21B6E5C77065276380A26AA3 /* DayPlanViewModel.swift in Sources */ = {isa = PBXBuildFile; fileRef = 06B1517DD78F053F63F34980 /* DayPlanViewModel.swift */; };
		2B3BCD8FDA4AF9CC176FD5B3 /* WeatherProvider.swift in Sources */ = {isa = PBXBuildFile; fileRef = 9350DFA102E80C7506DFF2F3 /* WeatherProvider.swift */; };
		2B8E937DA4E8EC4318358912 /* AppIcon-Dev.icon in Resources */ = {isa = PBXBuildFile; fileRef = 3D8B01391182C8ABE33833CC /* AppIcon-Dev.icon */; };
		2EBD6CC8E9D5F72A35448C5A /* LocationPreferenceStore.swift in Sources */ = {isa = PBXBuildFile; fileRef = F0EA020D911A6DD59210884A /* LocationPreferenceStore.swift */; };
		2FBF7BBCFD5639B4455C67A1 /* WeatherAttributionView.swift in Sources */ = {isa = PBXBuildFile; fileRef = F706A2194BB30B324EFBAF71 /* WeatherAttributionView.swift */; };
		32D0E2EC13010DCA8E3C5BC7 /* CardPreferenceStore.swift in Sources */ = {isa = PBXBuildFile; fileRef = D7E6C135E0C43BEE4F7509CF /* CardPreferenceStore.swift */; };
		370F16A39EACA66BCC35CE50 /* WeatherAttributionLabel.swift in Sources */ = {isa = PBXBuildFile; fileRef = 6E4276C9CECC42932B88E5CC /* WeatherAttributionLabel.swift */; };
		3B6C296AC1DDC0C6B87C0585 /* DayPlanViewModelTests.swift in Sources */ = {isa = PBXBuildFile; fileRef = 3193556F185208D8C88AF708 /* DayPlanViewModelTests.swift */; };
		3C46FB74106CFB4A51BC8209 /* TemperaturePreferenceStore.swift in Sources */ = {isa = PBXBuildFile; fileRef = 3376BCC0ECC9671483CBB4AB /* TemperaturePreferenceStore.swift */; };
		44558A42FCCEBEBB24BE1E31 /* PlanSnapshot.swift in Sources */ = {isa = PBXBuildFile; fileRef = 7646D4FAF10CF78590280CBC /* PlanSnapshot.swift */; };
		45DD1C65589334462E6BAA6D /* DayPlanView.swift in Sources */ = {isa = PBXBuildFile; fileRef = 9897E92C7EBBB3F74BADE131 /* DayPlanView.swift */; };
		4C95FA8113365C9F3D2133DF /* WearTodayApp.swift in Sources */ = {isa = PBXBuildFile; fileRef = 2A30CA575A511C4C1CF62D34 /* WearTodayApp.swift */; };
		4CD84E0DA6A8FDFD100F3ECA /* OutfitAdvisor.swift in Sources */ = {isa = PBXBuildFile; fileRef = CC3AFDC6D7F5F011BEA834A3 /* OutfitAdvisor.swift */; };
		4D03B1DF6DB26EC7742CEFAE /* AppleWeatherService.swift in Sources */ = {isa = PBXBuildFile; fileRef = 9C9F306930E58A547B9E30D4 /* AppleWeatherService.swift */; };
		4EC39EB1E93B97943EF9BE42 /* TemperatureUnit.swift in Sources */ = {isa = PBXBuildFile; fileRef = C9A9E1A4D61B7B3B7EF6C56F /* TemperatureUnit.swift */; };
		4FD85921D5A86FCFC007E394 /* TemperaturePreferenceStoreTests.swift in Sources */ = {isa = PBXBuildFile; fileRef = 0DE517D2E9698B9B69BE7E31 /* TemperaturePreferenceStoreTests.swift */; };
		53CD18CC37718C652CADBE00 /* CombinedWidget.swift in Sources */ = {isa = PBXBuildFile; fileRef = 631EC3EC6CD478FF1CE65906 /* CombinedWidget.swift */; };
		53E01F2AE84A9F6082936AB4 /* WearTodayWidgetsBundle.swift in Sources */ = {isa = PBXBuildFile; fileRef = 9FFAB9FDBCD0CD4AC6EC975F /* WearTodayWidgetsBundle.swift */; };
		574688A6AD114168B8CB5DCD /* AppIcon-Beta.icon in Resources */ = {isa = PBXBuildFile; fileRef = A2B1EE34C038825DCD7E38BB /* AppIcon-Beta.icon */; };
		5A56C478FEE7A3690B66BE0D /* LocationManager.swift in Sources */ = {isa = PBXBuildFile; fileRef = 766FD36A4EF6622F60D20813 /* LocationManager.swift */; };
		5C51E1603B7EA1C1D9477CF5 /* OutfitAdvisorPromptTests.swift in Sources */ = {isa = PBXBuildFile; fileRef = 6E8EA51B6D61B19459FAA020 /* OutfitAdvisorPromptTests.swift */; };
		71746EF95C5E6C245D5275FB /* OutfitRecommendation.swift in Sources */ = {isa = PBXBuildFile; fileRef = 62B56C68C387BAA8EA331B45 /* OutfitRecommendation.swift */; };
		8AB386112E706EE5A8455C32 /* DailyWeather.swift in Sources */ = {isa = PBXBuildFile; fileRef = 25B71CD96597F7F92E2FC5F9 /* DailyWeather.swift */; };
		94AA67DD30112AD879A82B0D /* WeatherProviderPreferenceStore.swift in Sources */ = {isa = PBXBuildFile; fileRef = A81E56A8ECD750109919CE39 /* WeatherProviderPreferenceStore.swift */; };
		96C6CE6F2729FBFEC3DBA3A8 /* EmojiWidget.swift in Sources */ = {isa = PBXBuildFile; fileRef = E3B3B0F1E063EF818C37D9B3 /* EmojiWidget.swift */; };
		9AEFAA0DF4A742CC52FCBD81 /* DescriptionWidget.swift in Sources */ = {isa = PBXBuildFile; fileRef = 1A258C5E694ECF9974C23B78 /* DescriptionWidget.swift */; };
		A306B8228BB555D05FAECF04 /* AppTheme.swift in Sources */ = {isa = PBXBuildFile; fileRef = 6D72E0664230027C85D9536D /* AppTheme.swift */; };
		AA6F940632F92416AFFFC8B6 /* RecommendedItemListTests.swift in Sources */ = {isa = PBXBuildFile; fileRef = 4729E0D682C7EEF83EEF2456 /* RecommendedItemListTests.swift */; };
		B0652AE2E2082131240744B8 /* Assets.xcassets in Resources */ = {isa = PBXBuildFile; fileRef = 2A5D1871054C86610DB402A4 /* Assets.xcassets */; };
		B4C838347BB204CCB32E82C2 /* WeatherProvider.swift in Sources */ = {isa = PBXBuildFile; fileRef = 9350DFA102E80C7506DFF2F3 /* WeatherProvider.swift */; };
		B5DB48D1FADC0440AA8BCFC3 /* DailyWeather.swift in Sources */ = {isa = PBXBuildFile; fileRef = 25B71CD96597F7F92E2FC5F9 /* DailyWeather.swift */; };
		BE9CDFD4C712A2FAEE57F690 /* CardType.swift in Sources */ = {isa = PBXBuildFile; fileRef = 08C46BAAB114507EE0CB8EA4 /* CardType.swift */; };
		C00CE4CC22E3E5486290E57E /* PlanSnapshot.swift in Sources */ = {isa = PBXBuildFile; fileRef = 7646D4FAF10CF78590280CBC /* PlanSnapshot.swift */; };
		C0BACC191A8962CFB131D463 /* TemperatureUnit.swift in Sources */ = {isa = PBXBuildFile; fileRef = C9A9E1A4D61B7B3B7EF6C56F /* TemperatureUnit.swift */; };
		C460295727650884E9719E67 /* SettingsView.swift in Sources */ = {isa = PBXBuildFile; fileRef = 01E9F0729A3D8439D7109066 /* SettingsView.swift */; };
		C4AF318455BC4569077A7B78 /* AppIcon.icon in Resources */ = {isa = PBXBuildFile; fileRef = 1FFD7B950DC71BF7238824FC /* AppIcon.icon */; };
		C7321384BEA8EE08E4456710 /* DayPlanFetcher.swift in Sources */ = {isa = PBXBuildFile; fileRef = 4267820FEAF688CC052818A0 /* DayPlanFetcher.swift */; };
		CEFB333BF57340F9563FD12F /* HourlyTemperatureChart.swift in Sources */ = {isa = PBXBuildFile; fileRef = E802ED00298CD2697D0C9FDC /* HourlyTemperatureChart.swift */; };
		D71E823D7D087D14F1793302 /* DisplayedItem.swift in Sources */ = {isa = PBXBuildFile; fileRef = 6BC68CA91ED22FF7A7B923ED /* DisplayedItem.swift */; };
		D82A522712346CD9B55CA198 /* ThemePreferenceStore.swift in Sources */ = {isa = PBXBuildFile; fileRef = 714127B41C4CD01C2235F421 /* ThemePreferenceStore.swift */; };
		EE1551AF0039F4132FC06101 /* SkeletonLoadingView.swift in Sources */ = {isa = PBXBuildFile; fileRef = C177C1C50376FA82FA6820A0 /* SkeletonLoadingView.swift */; };
		F13D88994BEAC60771E91CF3 /* WeatherService.swift in Sources */ = {isa = PBXBuildFile; fileRef = 24672D02697F8B29EC456943 /* WeatherService.swift */; };
		FB0A5F6483677520A5C51827 /* ErrorStateView.swift in Sources */ = {isa = PBXBuildFile; fileRef = 0CD3F81CD728DCC212727CB9 /* ErrorStateView.swift */; };
		FEE6BFA906F9CB7497092B4A /* DisplayedItem.swift in Sources */ = {isa = PBXBuildFile; fileRef = 6BC68CA91ED22FF7A7B923ED /* DisplayedItem.swift */; };
/* End PBXBuildFile section */

/* Begin PBXContainerItemProxy section */
		77E3258CAC297212639D6E8D /* PBXContainerItemProxy */ = {
			isa = PBXContainerItemProxy;
			containerPortal = 2EF548DC0C35D3A39E9D9C4B /* Project object */;
			proxyType = 1;
			remoteGlobalIDString = 7430B1BE10C93EC3E00D278D;
			remoteInfo = WearTodayWidgetsExtension;
		};
		EA7E875D3F02BB3394CECEB4 /* PBXContainerItemProxy */ = {
			isa = PBXContainerItemProxy;
			containerPortal = 2EF548DC0C35D3A39E9D9C4B /* Project object */;
			proxyType = 1;
			remoteGlobalIDString = 5FFE68FE8D8DD15F975B5B9A;
			remoteInfo = WearToday;
		};
/* End PBXContainerItemProxy section */

/* Begin PBXCopyFilesBuildPhase section */
		FAB42232214D00149C5FBC61 /* Embed Foundation Extensions */ = {
			isa = PBXCopyFilesBuildPhase;
			buildActionMask = 2147483647;
			dstPath = "";
			dstSubfolderSpec = 13;
			files = (
				1FAF12D18499270FFE1AAC38 /* WearTodayWidgetsExtension.appex in Embed Foundation Extensions */,
			);
			name = "Embed Foundation Extensions";
			runOnlyForDeploymentPostprocessing = 0;
		};
/* End PBXCopyFilesBuildPhase section */

/* Begin PBXFileReference section */
		01E9F0729A3D8439D7109066 /* SettingsView.swift */ = {isa = PBXFileReference; lastKnownFileType = sourcecode.swift; path = SettingsView.swift; sourceTree = "<group>"; };
		06B1517DD78F053F63F34980 /* DayPlanViewModel.swift */ = {isa = PBXFileReference; lastKnownFileType = sourcecode.swift; path = DayPlanViewModel.swift; sourceTree = "<group>"; };
		08C46BAAB114507EE0CB8EA4 /* CardType.swift */ = {isa = PBXFileReference; lastKnownFileType = sourcecode.swift; path = CardType.swift; sourceTree = "<group>"; };
		0CD3F81CD728DCC212727CB9 /* ErrorStateView.swift */ = {isa = PBXFileReference; lastKnownFileType = sourcecode.swift; path = ErrorStateView.swift; sourceTree = "<group>"; };
		0DE517D2E9698B9B69BE7E31 /* TemperaturePreferenceStoreTests.swift */ = {isa = PBXFileReference; lastKnownFileType = sourcecode.swift; path = TemperaturePreferenceStoreTests.swift; sourceTree = "<group>"; };
		1A258C5E694ECF9974C23B78 /* DescriptionWidget.swift */ = {isa = PBXFileReference; lastKnownFileType = sourcecode.swift; path = DescriptionWidget.swift; sourceTree = "<group>"; };
		1FFD7B950DC71BF7238824FC /* AppIcon.icon */ = {isa = PBXFileReference; lastKnownFileType = wrapper.icon; path = AppIcon.icon; sourceTree = "<group>"; };
		20B39CB6C6099B13C3F24892 /* EmptyPlanView.swift */ = {isa = PBXFileReference; lastKnownFileType = sourcecode.swift; path = EmptyPlanView.swift; sourceTree = "<group>"; };
		24672D02697F8B29EC456943 /* WeatherService.swift */ = {isa = PBXFileReference; lastKnownFileType = sourcecode.swift; path = WeatherService.swift; sourceTree = "<group>"; };
		25B71CD96597F7F92E2FC5F9 /* DailyWeather.swift */ = {isa = PBXFileReference; lastKnownFileType = sourcecode.swift; path = DailyWeather.swift; sourceTree = "<group>"; };
		2A30CA575A511C4C1CF62D34 /* WearTodayApp.swift */ = {isa = PBXFileReference; lastKnownFileType = sourcecode.swift; path = WearTodayApp.swift; sourceTree = "<group>"; };
		2A5D1871054C86610DB402A4 /* Assets.xcassets */ = {isa = PBXFileReference; lastKnownFileType = folder.assetcatalog; path = Assets.xcassets; sourceTree = "<group>"; };
		3193556F185208D8C88AF708 /* DayPlanViewModelTests.swift */ = {isa = PBXFileReference; lastKnownFileType = sourcecode.swift; path = DayPlanViewModelTests.swift; sourceTree = "<group>"; };
		3376BCC0ECC9671483CBB4AB /* TemperaturePreferenceStore.swift */ = {isa = PBXFileReference; lastKnownFileType = sourcecode.swift; path = TemperaturePreferenceStore.swift; sourceTree = "<group>"; };
		3396C43EAC2CAFDEAB5564A4 /* WearTodayWidgetsExtension.appex */ = {isa = PBXFileReference; includeInIndex = 0; lastKnownFileType = "wrapper.app-extension"; path = WearTodayWidgetsExtension.appex; sourceTree = BUILT_PRODUCTS_DIR; };
		3D8B01391182C8ABE33833CC /* AppIcon-Dev.icon */ = {isa = PBXFileReference; lastKnownFileType = wrapper.icon; path = "AppIcon-Dev.icon"; sourceTree = "<group>"; };
		4267820FEAF688CC052818A0 /* DayPlanFetcher.swift */ = {isa = PBXFileReference; lastKnownFileType = sourcecode.swift; path = DayPlanFetcher.swift; sourceTree = "<group>"; };
		4729E0D682C7EEF83EEF2456 /* RecommendedItemListTests.swift */ = {isa = PBXFileReference; lastKnownFileType = sourcecode.swift; path = RecommendedItemListTests.swift; sourceTree = "<group>"; };
		52D379CCCEA3043947FC6CDA /* WearToday.entitlements */ = {isa = PBXFileReference; lastKnownFileType = text.plist.entitlements; path = WearToday.entitlements; sourceTree = "<group>"; };
		5CB4A54EF15B6FA4E7C46495 /* PlanTimelineProvider.swift */ = {isa = PBXFileReference; lastKnownFileType = sourcecode.swift; path = PlanTimelineProvider.swift; sourceTree = "<group>"; };
		62B56C68C387BAA8EA331B45 /* OutfitRecommendation.swift */ = {isa = PBXFileReference; lastKnownFileType = sourcecode.swift; path = OutfitRecommendation.swift; sourceTree = "<group>"; };
		631EC3EC6CD478FF1CE65906 /* CombinedWidget.swift */ = {isa = PBXFileReference; lastKnownFileType = sourcecode.swift; path = CombinedWidget.swift; sourceTree = "<group>"; };
		6BC68CA91ED22FF7A7B923ED /* DisplayedItem.swift */ = {isa = PBXFileReference; lastKnownFileType = sourcecode.swift; path = DisplayedItem.swift; sourceTree = "<group>"; };
		6D72E0664230027C85D9536D /* AppTheme.swift */ = {isa = PBXFileReference; lastKnownFileType = sourcecode.swift; path = AppTheme.swift; sourceTree = "<group>"; };
		6E4276C9CECC42932B88E5CC /* WeatherAttributionLabel.swift */ = {isa = PBXFileReference; lastKnownFileType = sourcecode.swift; path = WeatherAttributionLabel.swift; sourceTree = "<group>"; };
		6E8EA51B6D61B19459FAA020 /* OutfitAdvisorPromptTests.swift */ = {isa = PBXFileReference; lastKnownFileType = sourcecode.swift; path = OutfitAdvisorPromptTests.swift; sourceTree = "<group>"; };
		714127B41C4CD01C2235F421 /* ThemePreferenceStore.swift */ = {isa = PBXFileReference; lastKnownFileType = sourcecode.swift; path = ThemePreferenceStore.swift; sourceTree = "<group>"; };
		74DDBA8622870770F7BBCEA8 /* WearTodayTests.xctest */ = {isa = PBXFileReference; includeInIndex = 0; lastKnownFileType = wrapper.cfbundle; path = WearTodayTests.xctest; sourceTree = BUILT_PRODUCTS_DIR; };
		7646D4FAF10CF78590280CBC /* PlanSnapshot.swift */ = {isa = PBXFileReference; lastKnownFileType = sourcecode.swift; path = PlanSnapshot.swift; sourceTree = "<group>"; };
		764A3276614A46824A73CB90 /* WearToday.app */ = {isa = PBXFileReference; includeInIndex = 0; lastKnownFileType = wrapper.application; path = WearToday.app; sourceTree = BUILT_PRODUCTS_DIR; };
		766FD36A4EF6622F60D20813 /* LocationManager.swift */ = {isa = PBXFileReference; lastKnownFileType = sourcecode.swift; path = LocationManager.swift; sourceTree = "<group>"; };
		791E96001E2D6AC475EB2EE7 /* HourlyForecastService.swift */ = {isa = PBXFileReference; lastKnownFileType = sourcecode.swift; path = HourlyForecastService.swift; sourceTree = "<group>"; };
		8DF6933B6E8D612B8A83566B /* ContentView.swift */ = {isa = PBXFileReference; lastKnownFileType = sourcecode.swift; path = ContentView.swift; sourceTree = "<group>"; };
		92941EC8AB3C8A63394CDE97 /* Info.plist */ = {isa = PBXFileReference; lastKnownFileType = text.plist; path = Info.plist; sourceTree = "<group>"; };
		9350DFA102E80C7506DFF2F3 /* WeatherProvider.swift */ = {isa = PBXFileReference; lastKnownFileType = sourcecode.swift; path = WeatherProvider.swift; sourceTree = "<group>"; };
		9897E92C7EBBB3F74BADE131 /* DayPlanView.swift */ = {isa = PBXFileReference; lastKnownFileType = sourcecode.swift; path = DayPlanView.swift; sourceTree = "<group>"; };
		9C9F306930E58A547B9E30D4 /* AppleWeatherService.swift */ = {isa = PBXFileReference; lastKnownFileType = sourcecode.swift; path = AppleWeatherService.swift; sourceTree = "<group>"; };
		9FFAB9FDBCD0CD4AC6EC975F /* WearTodayWidgetsBundle.swift */ = {isa = PBXFileReference; lastKnownFileType = sourcecode.swift; path = WearTodayWidgetsBundle.swift; sourceTree = "<group>"; };
		A2B1EE34C038825DCD7E38BB /* AppIcon-Beta.icon */ = {isa = PBXFileReference; lastKnownFileType = wrapper.icon; path = "AppIcon-Beta.icon"; sourceTree = "<group>"; };
		A81E56A8ECD750109919CE39 /* WeatherProviderPreferenceStore.swift */ = {isa = PBXFileReference; lastKnownFileType = sourcecode.swift; path = WeatherProviderPreferenceStore.swift; sourceTree = "<group>"; };
		B8A7CB9B5D5ACD005D6D0F3D /* WearTodayWidgets.entitlements */ = {isa = PBXFileReference; lastKnownFileType = text.plist.entitlements; path = WearTodayWidgets.entitlements; sourceTree = "<group>"; };
		C177C1C50376FA82FA6820A0 /* SkeletonLoadingView.swift */ = {isa = PBXFileReference; lastKnownFileType = sourcecode.swift; path = SkeletonLoadingView.swift; sourceTree = "<group>"; };
		C9A9E1A4D61B7B3B7EF6C56F /* TemperatureUnit.swift */ = {isa = PBXFileReference; lastKnownFileType = sourcecode.swift; path = TemperatureUnit.swift; sourceTree = "<group>"; };
		CC121DB9D3603C9481D35B79 /* AppIconSwitcher.swift */ = {isa = PBXFileReference; lastKnownFileType = sourcecode.swift; path = AppIconSwitcher.swift; sourceTree = "<group>"; };
		CC3AFDC6D7F5F011BEA834A3 /* OutfitAdvisor.swift */ = {isa = PBXFileReference; lastKnownFileType = sourcecode.swift; path = OutfitAdvisor.swift; sourceTree = "<group>"; };
		D7E6C135E0C43BEE4F7509CF /* CardPreferenceStore.swift */ = {isa = PBXFileReference; lastKnownFileType = sourcecode.swift; path = CardPreferenceStore.swift; sourceTree = "<group>"; };
		E3B3B0F1E063EF818C37D9B3 /* EmojiWidget.swift */ = {isa = PBXFileReference; lastKnownFileType = sourcecode.swift; path = EmojiWidget.swift; sourceTree = "<group>"; };
		E802ED00298CD2697D0C9FDC /* HourlyTemperatureChart.swift */ = {isa = PBXFileReference; lastKnownFileType = sourcecode.swift; path = HourlyTemperatureChart.swift; sourceTree = "<group>"; };
		F0EA020D911A6DD59210884A /* LocationPreferenceStore.swift */ = {isa = PBXFileReference; lastKnownFileType = sourcecode.swift; path = LocationPreferenceStore.swift; sourceTree = "<group>"; };
		F706A2194BB30B324EFBAF71 /* WeatherAttributionView.swift */ = {isa = PBXFileReference; lastKnownFileType = sourcecode.swift; path = WeatherAttributionView.swift; sourceTree = "<group>"; };
/* End PBXFileReference section */

/* Begin PBXGroup section */
		24631FFE3F485E4A05F2AFCA /* WearToday */ = {
			isa = PBXGroup;
			children = (
				A2B1EE34C038825DCD7E38BB /* AppIcon-Beta.icon */,
				3D8B01391182C8ABE33833CC /* AppIcon-Dev.icon */,
				1FFD7B950DC71BF7238824FC /* AppIcon.icon */,
				2A5D1871054C86610DB402A4 /* Assets.xcassets */,
				8DF6933B6E8D612B8A83566B /* ContentView.swift */,
				52D379CCCEA3043947FC6CDA /* WearToday.entitlements */,
				2A30CA575A511C4C1CF62D34 /* WearTodayApp.swift */,
				47347A0CC7FB60D05623CE1C /* Models */,
				A9A62BCD7EF5019939353A34 /* Services */,
				DC0ADB2D711437649498C0BE /* Shared */,
				7F5B64A5519BE88E1D4D2C43 /* Views */,
			);
			path = WearToday;
			sourceTree = "<group>";
		};
		28009CF6B334E396BF40A550 = {
			isa = PBXGroup;
			children = (
				24631FFE3F485E4A05F2AFCA /* WearToday */,
				86D248DEEAC04B490E5F9C81 /* WearTodayTests */,
				9FA57D7ECC93DC9ABFBFE4BB /* WearTodayWidgets */,
				29028CA22C04953577B74D83 /* Products */,
			);
			sourceTree = "<group>";
		};
		29028CA22C04953577B74D83 /* Products */ = {
			isa = PBXGroup;
			children = (
				764A3276614A46824A73CB90 /* WearToday.app */,
				74DDBA8622870770F7BBCEA8 /* WearTodayTests.xctest */,
				3396C43EAC2CAFDEAB5564A4 /* WearTodayWidgetsExtension.appex */,
			);
			name = Products;
			sourceTree = "<group>";
		};
		47347A0CC7FB60D05623CE1C /* Models */ = {
			isa = PBXGroup;
			children = (
				25B71CD96597F7F92E2FC5F9 /* DailyWeather.swift */,
				62B56C68C387BAA8EA331B45 /* OutfitRecommendation.swift */,
			);
			path = Models;
			sourceTree = "<group>";
		};
		7F5B64A5519BE88E1D4D2C43 /* Views */ = {
			isa = PBXGroup;
			children = (
				9897E92C7EBBB3F74BADE131 /* DayPlanView.swift */,
				06B1517DD78F053F63F34980 /* DayPlanViewModel.swift */,
				0CD3F81CD728DCC212727CB9 /* ErrorStateView.swift */,
				E802ED00298CD2697D0C9FDC /* HourlyTemperatureChart.swift */,
				01E9F0729A3D8439D7109066 /* SettingsView.swift */,
				C177C1C50376FA82FA6820A0 /* SkeletonLoadingView.swift */,
				F706A2194BB30B324EFBAF71 /* WeatherAttributionView.swift */,
			);
			path = Views;
			sourceTree = "<group>";
		};
		86D248DEEAC04B490E5F9C81 /* WearTodayTests */ = {
			isa = PBXGroup;
			children = (
				3193556F185208D8C88AF708 /* DayPlanViewModelTests.swift */,
				6E8EA51B6D61B19459FAA020 /* OutfitAdvisorPromptTests.swift */,
				4729E0D682C7EEF83EEF2456 /* RecommendedItemListTests.swift */,
				0DE517D2E9698B9B69BE7E31 /* TemperaturePreferenceStoreTests.swift */,
			);
			path = WearTodayTests;
			sourceTree = "<group>";
		};
		9FA57D7ECC93DC9ABFBFE4BB /* WearTodayWidgets */ = {
			isa = PBXGroup;
			children = (
				631EC3EC6CD478FF1CE65906 /* CombinedWidget.swift */,
				1A258C5E694ECF9974C23B78 /* DescriptionWidget.swift */,
				E3B3B0F1E063EF818C37D9B3 /* EmojiWidget.swift */,
				20B39CB6C6099B13C3F24892 /* EmptyPlanView.swift */,
				92941EC8AB3C8A63394CDE97 /* Info.plist */,
				5CB4A54EF15B6FA4E7C46495 /* PlanTimelineProvider.swift */,
				B8A7CB9B5D5ACD005D6D0F3D /* WearTodayWidgets.entitlements */,
				9FFAB9FDBCD0CD4AC6EC975F /* WearTodayWidgetsBundle.swift */,
				6E4276C9CECC42932B88E5CC /* WeatherAttributionLabel.swift */,
			);
			path = WearTodayWidgets;
			sourceTree = "<group>";
		};
		A9A62BCD7EF5019939353A34 /* Services */ = {
			isa = PBXGroup;
			children = (
				CC121DB9D3603C9481D35B79 /* AppIconSwitcher.swift */,
				9C9F306930E58A547B9E30D4 /* AppleWeatherService.swift */,
				6D72E0664230027C85D9536D /* AppTheme.swift */,
				D7E6C135E0C43BEE4F7509CF /* CardPreferenceStore.swift */,
				08C46BAAB114507EE0CB8EA4 /* CardType.swift */,
				4267820FEAF688CC052818A0 /* DayPlanFetcher.swift */,
				791E96001E2D6AC475EB2EE7 /* HourlyForecastService.swift */,
				766FD36A4EF6622F60D20813 /* LocationManager.swift */,
				F0EA020D911A6DD59210884A /* LocationPreferenceStore.swift */,
				CC3AFDC6D7F5F011BEA834A3 /* OutfitAdvisor.swift */,
				3376BCC0ECC9671483CBB4AB /* TemperaturePreferenceStore.swift */,
				714127B41C4CD01C2235F421 /* ThemePreferenceStore.swift */,
				A81E56A8ECD750109919CE39 /* WeatherProviderPreferenceStore.swift */,
				24672D02697F8B29EC456943 /* WeatherService.swift */,
			);
			path = Services;
			sourceTree = "<group>";
		};
		DC0ADB2D711437649498C0BE /* Shared */ = {
			isa = PBXGroup;
			children = (
				6BC68CA91ED22FF7A7B923ED /* DisplayedItem.swift */,
				7646D4FAF10CF78590280CBC /* PlanSnapshot.swift */,
				C9A9E1A4D61B7B3B7EF6C56F /* TemperatureUnit.swift */,
				9350DFA102E80C7506DFF2F3 /* WeatherProvider.swift */,
			);
			path = Shared;
			sourceTree = "<group>";
		};
/* End PBXGroup section */

/* Begin PBXNativeTarget section */
		5FFE68FE8D8DD15F975B5B9A /* WearToday */ = {
			isa = PBXNativeTarget;
			buildConfigurationList = F1F829BB8BFBCC17A08E23F3 /* Build configuration list for PBXNativeTarget "WearToday" */;
			buildPhases = (
				5155E549E6C1358D5D9ABD0F /* Sources */,
				92AA1CC8075CA04D3680CA98 /* Resources */,
				FAB42232214D00149C5FBC61 /* Embed Foundation Extensions */,
			);
			buildRules = (
			);
			dependencies = (
				F36DEEBC683732A752528B29 /* PBXTargetDependency */,
			);
			name = WearToday;
			packageProductDependencies = (
			);
			productName = WearToday;
			productReference = 764A3276614A46824A73CB90 /* WearToday.app */;
			productType = "com.apple.product-type.application";
		};
		7430B1BE10C93EC3E00D278D /* WearTodayWidgetsExtension */ = {
			isa = PBXNativeTarget;
			buildConfigurationList = 61C59EAAFE038435E3533515 /* Build configuration list for PBXNativeTarget "WearTodayWidgetsExtension" */;
			buildPhases = (
				BDAD85CADCD48F261283B969 /* Sources */,
			);
			buildRules = (
			);
			dependencies = (
			);
			name = WearTodayWidgetsExtension;
			packageProductDependencies = (
			);
			productName = WearTodayWidgetsExtension;
			productReference = 3396C43EAC2CAFDEAB5564A4 /* WearTodayWidgetsExtension.appex */;
			productType = "com.apple.product-type.app-extension";
		};
		CA8A6DE79796A831E49D50CC /* WearTodayTests */ = {
			isa = PBXNativeTarget;
			buildConfigurationList = 9F99753FC072BEC50D4A7F05 /* Build configuration list for PBXNativeTarget "WearTodayTests" */;
			buildPhases = (
				9C613C8E71C0D1E61B27ED6B /* Sources */,
			);
			buildRules = (
			);
			dependencies = (
				6A816F0FD45525FB66A79CB8 /* PBXTargetDependency */,
			);
			name = WearTodayTests;
			packageProductDependencies = (
			);
			productName = WearTodayTests;
			productReference = 74DDBA8622870770F7BBCEA8 /* WearTodayTests.xctest */;
			productType = "com.apple.product-type.bundle.unit-test";
		};
/* End PBXNativeTarget section */

/* Begin PBXProject section */
		2EF548DC0C35D3A39E9D9C4B /* Project object */ = {
			isa = PBXProject;
			attributes = {
				BuildIndependentTargetsInParallel = YES;
				LastUpgradeCheck = 2700;
				TargetAttributes = {
					5FFE68FE8D8DD15F975B5B9A = {
						DevelopmentTeam = TYXC29FT67;
						ProvisioningStyle = Automatic;
					};
					7430B1BE10C93EC3E00D278D = {
						DevelopmentTeam = TYXC29FT67;
						ProvisioningStyle = Automatic;
					};
					CA8A6DE79796A831E49D50CC = {
						DevelopmentTeam = TYXC29FT67;
						ProvisioningStyle = Automatic;
					};
				};
			};
			buildConfigurationList = 2A554608A28F34AA2AEE5F21 /* Build configuration list for PBXProject "WearToday" */;
			developmentRegion = en;
			hasScannedForEncodings = 0;
			knownRegions = (
				Base,
				en,
			);
			mainGroup = 28009CF6B334E396BF40A550;
			minimizedProjectReferenceProxies = 1;
			preferredProjectObjectVersion = 77;
			productRefGroup = 29028CA22C04953577B74D83 /* Products */;
			projectDirPath = "";
			projectRoot = "";
			targets = (
				5FFE68FE8D8DD15F975B5B9A /* WearToday */,
				7430B1BE10C93EC3E00D278D /* WearTodayWidgetsExtension */,
				CA8A6DE79796A831E49D50CC /* WearTodayTests */,
			);
		};
/* End PBXProject section */

/* Begin PBXResourcesBuildPhase section */
		92AA1CC8075CA04D3680CA98 /* Resources */ = {
			isa = PBXResourcesBuildPhase;
			buildActionMask = 2147483647;
			files = (
				574688A6AD114168B8CB5DCD /* AppIcon-Beta.icon in Resources */,
				2B8E937DA4E8EC4318358912 /* AppIcon-Dev.icon in Resources */,
				C4AF318455BC4569077A7B78 /* AppIcon.icon in Resources */,
				B0652AE2E2082131240744B8 /* Assets.xcassets in Resources */,
			);
			runOnlyForDeploymentPostprocessing = 0;
		};
/* End PBXResourcesBuildPhase section */

/* Begin PBXSourcesBuildPhase section */
		5155E549E6C1358D5D9ABD0F /* Sources */ = {
			isa = PBXSourcesBuildPhase;
			buildActionMask = 2147483647;
			files = (
				051438B5AF8DD5337A44EF77 /* AppIconSwitcher.swift in Sources */,
				A306B8228BB555D05FAECF04 /* AppTheme.swift in Sources */,
				4D03B1DF6DB26EC7742CEFAE /* AppleWeatherService.swift in Sources */,
				32D0E2EC13010DCA8E3C5BC7 /* CardPreferenceStore.swift in Sources */,
				BE9CDFD4C712A2FAEE57F690 /* CardType.swift in Sources */,
				0042C63B9B9A62046E4D8E45 /* ContentView.swift in Sources */,
				B5DB48D1FADC0440AA8BCFC3 /* DailyWeather.swift in Sources */,
				C7321384BEA8EE08E4456710 /* DayPlanFetcher.swift in Sources */,
				45DD1C65589334462E6BAA6D /* DayPlanView.swift in Sources */,
				21B6E5C77065276380A26AA3 /* DayPlanViewModel.swift in Sources */,
				D71E823D7D087D14F1793302 /* DisplayedItem.swift in Sources */,
				FB0A5F6483677520A5C51827 /* ErrorStateView.swift in Sources */,
				00C457DB2336B7FB4363BBF1 /* HourlyForecastService.swift in Sources */,
				CEFB333BF57340F9563FD12F /* HourlyTemperatureChart.swift in Sources */,
				5A56C478FEE7A3690B66BE0D /* LocationManager.swift in Sources */,
				2EBD6CC8E9D5F72A35448C5A /* LocationPreferenceStore.swift in Sources */,
				4CD84E0DA6A8FDFD100F3ECA /* OutfitAdvisor.swift in Sources */,
				71746EF95C5E6C245D5275FB /* OutfitRecommendation.swift in Sources */,
				C00CE4CC22E3E5486290E57E /* PlanSnapshot.swift in Sources */,
				C460295727650884E9719E67 /* SettingsView.swift in Sources */,
				EE1551AF0039F4132FC06101 /* SkeletonLoadingView.swift in Sources */,
				3C46FB74106CFB4A51BC8209 /* TemperaturePreferenceStore.swift in Sources */,
				C0BACC191A8962CFB131D463 /* TemperatureUnit.swift in Sources */,
				D82A522712346CD9B55CA198 /* ThemePreferenceStore.swift in Sources */,
				4C95FA8113365C9F3D2133DF /* WearTodayApp.swift in Sources */,
				2FBF7BBCFD5639B4455C67A1 /* WeatherAttributionView.swift in Sources */,
				2B3BCD8FDA4AF9CC176FD5B3 /* WeatherProvider.swift in Sources */,
				94AA67DD30112AD879A82B0D /* WeatherProviderPreferenceStore.swift in Sources */,
				F13D88994BEAC60771E91CF3 /* WeatherService.swift in Sources */,
			);
			runOnlyForDeploymentPostprocessing = 0;
		};
		9C613C8E71C0D1E61B27ED6B /* Sources */ = {
			isa = PBXSourcesBuildPhase;
			buildActionMask = 2147483647;
			files = (
				3B6C296AC1DDC0C6B87C0585 /* DayPlanViewModelTests.swift in Sources */,
				5C51E1603B7EA1C1D9477CF5 /* OutfitAdvisorPromptTests.swift in Sources */,
				AA6F940632F92416AFFFC8B6 /* RecommendedItemListTests.swift in Sources */,
				4FD85921D5A86FCFC007E394 /* TemperaturePreferenceStoreTests.swift in Sources */,
			);
			runOnlyForDeploymentPostprocessing = 0;
		};
		BDAD85CADCD48F261283B969 /* Sources */ = {
			isa = PBXSourcesBuildPhase;
			buildActionMask = 2147483647;
			files = (
				53CD18CC37718C652CADBE00 /* CombinedWidget.swift in Sources */,
				8AB386112E706EE5A8455C32 /* DailyWeather.swift in Sources */,
				9AEFAA0DF4A742CC52FCBD81 /* DescriptionWidget.swift in Sources */,
				FEE6BFA906F9CB7497092B4A /* DisplayedItem.swift in Sources */,
				96C6CE6F2729FBFEC3DBA3A8 /* EmojiWidget.swift in Sources */,
				09CCC5023D17EDD6397B177E /* EmptyPlanView.swift in Sources */,
				163C42E841944DF349C6DDDA /* OutfitRecommendation.swift in Sources */,
				44558A42FCCEBEBB24BE1E31 /* PlanSnapshot.swift in Sources */,
				17D969587D08767FF52F298C /* PlanTimelineProvider.swift in Sources */,
				4EC39EB1E93B97943EF9BE42 /* TemperatureUnit.swift in Sources */,
				53E01F2AE84A9F6082936AB4 /* WearTodayWidgetsBundle.swift in Sources */,
				370F16A39EACA66BCC35CE50 /* WeatherAttributionLabel.swift in Sources */,
				B4C838347BB204CCB32E82C2 /* WeatherProvider.swift in Sources */,
			);
			runOnlyForDeploymentPostprocessing = 0;
		};
/* End PBXSourcesBuildPhase section */

/* Begin PBXTargetDependency section */
		6A816F0FD45525FB66A79CB8 /* PBXTargetDependency */ = {
			isa = PBXTargetDependency;
			target = 5FFE68FE8D8DD15F975B5B9A /* WearToday */;
			targetProxy = EA7E875D3F02BB3394CECEB4 /* PBXContainerItemProxy */;
		};
		F36DEEBC683732A752528B29 /* PBXTargetDependency */ = {
			isa = PBXTargetDependency;
			target = 7430B1BE10C93EC3E00D278D /* WearTodayWidgetsExtension */;
			targetProxy = 77E3258CAC297212639D6E8D /* PBXContainerItemProxy */;
		};
/* End PBXTargetDependency section */

/* Begin XCBuildConfiguration section */
		5B5E852593649342307B8A00 /* Debug */ = {
			isa = XCBuildConfiguration;
			buildSettings = {
				ALWAYS_SEARCH_USER_PATHS = NO;
				CLANG_ANALYZER_NONNULL = YES;
				CLANG_ANALYZER_NUMBER_OBJECT_CONVERSION = YES_AGGRESSIVE;
				CLANG_CXX_LANGUAGE_STANDARD = "gnu++14";
				CLANG_CXX_LIBRARY = "libc++";
				CLANG_ENABLE_MODULES = YES;
				CLANG_ENABLE_OBJC_ARC = YES;
				CLANG_ENABLE_OBJC_WEAK = YES;
				CLANG_WARN_BLOCK_CAPTURE_AUTORELEASING = YES;
				CLANG_WARN_BOOL_CONVERSION = YES;
				CLANG_WARN_COMMA = YES;
				CLANG_WARN_CONSTANT_CONVERSION = YES;
				CLANG_WARN_DEPRECATED_OBJC_IMPLEMENTATIONS = YES;
				CLANG_WARN_DIRECT_OBJC_ISA_USAGE = YES_ERROR;
				CLANG_WARN_DOCUMENTATION_COMMENTS = YES;
				CLANG_WARN_EMPTY_BODY = YES;
				CLANG_WARN_ENUM_CONVERSION = YES;
				CLANG_WARN_INFINITE_RECURSION = YES;
				CLANG_WARN_INT_CONVERSION = YES;
				CLANG_WARN_NON_LITERAL_NULL_CONVERSION = YES;
				CLANG_WARN_OBJC_IMPLICIT_RETAIN_SELF = YES;
				CLANG_WARN_OBJC_LITERAL_CONVERSION = YES;
				CLANG_WARN_OBJC_ROOT_CLASS = YES_ERROR;
				CLANG_WARN_QUOTED_INCLUDE_IN_FRAMEWORK_HEADER = YES;
				CLANG_WARN_RANGE_LOOP_ANALYSIS = YES;
				CLANG_WARN_STRICT_PROTOTYPES = YES;
				CLANG_WARN_SUSPICIOUS_MOVE = YES;
				CLANG_WARN_UNGUARDED_AVAILABILITY = YES_AGGRESSIVE;
				CLANG_WARN_UNREACHABLE_CODE = YES;
				CLANG_WARN__DUPLICATE_METHOD_MATCH = YES;
				CODE_SIGN_IDENTITY = "Apple Development";
				"CODE_SIGN_IDENTITY[sdk=iphonesimulator*]" = "Apple Development";
				CODE_SIGN_STYLE = Manual;
				COPY_PHASE_STRIP = NO;
				CURRENT_PROJECT_VERSION = 1;
				DEBUG_INFORMATION_FORMAT = dwarf;
				DEVELOPMENT_TEAM = TYXC29FT67;
				ENABLE_STRICT_OBJC_MSGSEND = YES;
				ENABLE_TESTABILITY = YES;
				ENABLE_USER_SCRIPT_SANDBOXING = YES;
				GCC_C_LANGUAGE_STANDARD = gnu11;
				GCC_DYNAMIC_NO_PIC = NO;
				GCC_NO_COMMON_BLOCKS = YES;
				GCC_OPTIMIZATION_LEVEL = 0;
				GCC_PREPROCESSOR_DEFINITIONS = (
					"$(inherited)",
					"DEBUG=1",
				);
				GCC_WARN_64_TO_32_BIT_CONVERSION = YES;
				GCC_WARN_ABOUT_RETURN_TYPE = YES_ERROR;
				GCC_WARN_UNDECLARED_SELECTOR = YES;
				GCC_WARN_UNINITIALIZED_AUTOS = YES_AGGRESSIVE;
				GCC_WARN_UNUSED_FUNCTION = YES;
				GCC_WARN_UNUSED_VARIABLE = YES;
				IPHONEOS_DEPLOYMENT_TARGET = 26.0;
				MARKETING_VERSION = 1.0;
				MTL_ENABLE_DEBUG_INFO = INCLUDE_SOURCE;
				MTL_FAST_MATH = YES;
				ONLY_ACTIVE_ARCH = YES;
				PRODUCT_NAME = "$(TARGET_NAME)";
				SDKROOT = iphoneos;
				STRING_CATALOG_GENERATE_SYMBOLS = YES;
				SWIFT_ACTIVE_COMPILATION_CONDITIONS = DEBUG;
				SWIFT_OPTIMIZATION_LEVEL = "-Onone";
				SWIFT_VERSION = 6.0;
			};
			name = Debug;
		};
		690D26498AF59DE23A2067B5 /* Release */ = {
			isa = XCBuildConfiguration;
			buildSettings = {
				ASSETCATALOG_COMPILER_ALTERNATE_APPICON_NAMES = "AppIcon-Beta";
				ASSETCATALOG_COMPILER_APPICON_NAME = AppIcon;
				ASSETCATALOG_COMPILER_GLOBAL_ACCENT_COLOR_NAME = AccentColor;
				ASSETCATALOG_COMPILER_INCLUDE_ALL_APPICON_ASSETS = NO;
				CODE_SIGN_ENTITLEMENTS = WearToday/WearToday.entitlements;
				CODE_SIGN_IDENTITY = "Apple Development";
				CODE_SIGN_STYLE = Automatic;
				GENERATE_INFOPLIST_FILE = YES;
				INFOPLIST_KEY_ITSAppUsesNonExemptEncryption = NO;
				INFOPLIST_KEY_NSLocationWhenInUseUsageDescription = "WearToday uses your location to check today's weather and recommend what to wear and bring.";
				INFOPLIST_KEY_UIApplicationSceneManifest_Generation = YES;
				INFOPLIST_KEY_UILaunchScreen_Generation = YES;
				INFOPLIST_KEY_UISupportedInterfaceOrientations = UIInterfaceOrientationPortrait;
				IPHONEOS_DEPLOYMENT_TARGET = 26.0;
				LD_RUNPATH_SEARCH_PATHS = (
					"$(inherited)",
					"@executable_path/Frameworks",
				);
				PRODUCT_BUNDLE_IDENTIFIER = com.timarioto.WearToday;
				PROVISIONING_PROFILE_SPECIFIER = "";
				SDKROOT = iphoneos;
				TARGETED_DEVICE_FAMILY = 1;
			};
			name = Release;
		};
		825BADF2C467FD1595F03E61 /* Debug */ = {
			isa = XCBuildConfiguration;
			buildSettings = {
				BUNDLE_LOADER = "$(TEST_HOST)";
				CODE_SIGN_IDENTITY = "Apple Development";
				CODE_SIGN_STYLE = Automatic;
				GENERATE_INFOPLIST_FILE = YES;
				IPHONEOS_DEPLOYMENT_TARGET = 26.0;
				LD_RUNPATH_SEARCH_PATHS = (
					"$(inherited)",
					"@executable_path/Frameworks",
					"@loader_path/Frameworks",
				);
				PRODUCT_BUNDLE_IDENTIFIER = com.timarioto.WearTodayTests;
				PROVISIONING_PROFILE_SPECIFIER = "";
				SDKROOT = iphoneos;
				TARGETED_DEVICE_FAMILY = "1,2";
				TEST_HOST = "$(BUILT_PRODUCTS_DIR)/WearToday.app/WearToday";
			};
			name = Debug;
		};
		87F336838B9998D07BD76760 /* Release */ = {
			isa = XCBuildConfiguration;
			buildSettings = {
				ALWAYS_SEARCH_USER_PATHS = NO;
				CLANG_ANALYZER_NONNULL = YES;
				CLANG_ANALYZER_NUMBER_OBJECT_CONVERSION = YES_AGGRESSIVE;
				CLANG_CXX_LANGUAGE_STANDARD = "gnu++14";
				CLANG_CXX_LIBRARY = "libc++";
				CLANG_ENABLE_MODULES = YES;
				CLANG_ENABLE_OBJC_ARC = YES;
				CLANG_ENABLE_OBJC_WEAK = YES;
				CLANG_WARN_BLOCK_CAPTURE_AUTORELEASING = YES;
				CLANG_WARN_BOOL_CONVERSION = YES;
				CLANG_WARN_COMMA = YES;
				CLANG_WARN_CONSTANT_CONVERSION = YES;
				CLANG_WARN_DEPRECATED_OBJC_IMPLEMENTATIONS = YES;
				CLANG_WARN_DIRECT_OBJC_ISA_USAGE = YES_ERROR;
				CLANG_WARN_DOCUMENTATION_COMMENTS = YES;
				CLANG_WARN_EMPTY_BODY = YES;
				CLANG_WARN_ENUM_CONVERSION = YES;
				CLANG_WARN_INFINITE_RECURSION = YES;
				CLANG_WARN_INT_CONVERSION = YES;
				CLANG_WARN_NON_LITERAL_NULL_CONVERSION = YES;
				CLANG_WARN_OBJC_IMPLICIT_RETAIN_SELF = YES;
				CLANG_WARN_OBJC_LITERAL_CONVERSION = YES;
				CLANG_WARN_OBJC_ROOT_CLASS = YES_ERROR;
				CLANG_WARN_QUOTED_INCLUDE_IN_FRAMEWORK_HEADER = YES;
				CLANG_WARN_RANGE_LOOP_ANALYSIS = YES;
				CLANG_WARN_STRICT_PROTOTYPES = YES;
				CLANG_WARN_SUSPICIOUS_MOVE = YES;
				CLANG_WARN_UNGUARDED_AVAILABILITY = YES_AGGRESSIVE;
				CLANG_WARN_UNREACHABLE_CODE = YES;
				CLANG_WARN__DUPLICATE_METHOD_MATCH = YES;
				CODE_SIGN_IDENTITY = "Apple Development";
				"CODE_SIGN_IDENTITY[sdk=iphonesimulator*]" = "Apple Development";
				CODE_SIGN_STYLE = Manual;
				COPY_PHASE_STRIP = NO;
				CURRENT_PROJECT_VERSION = 1;
				DEBUG_INFORMATION_FORMAT = "dwarf-with-dsym";
				DEVELOPMENT_TEAM = TYXC29FT67;
				ENABLE_NS_ASSERTIONS = NO;
				ENABLE_STRICT_OBJC_MSGSEND = YES;
				ENABLE_USER_SCRIPT_SANDBOXING = YES;
				GCC_C_LANGUAGE_STANDARD = gnu11;
				GCC_NO_COMMON_BLOCKS = YES;
				GCC_WARN_64_TO_32_BIT_CONVERSION = YES;
				GCC_WARN_ABOUT_RETURN_TYPE = YES_ERROR;
				GCC_WARN_UNDECLARED_SELECTOR = YES;
				GCC_WARN_UNINITIALIZED_AUTOS = YES_AGGRESSIVE;
				GCC_WARN_UNUSED_FUNCTION = YES;
				GCC_WARN_UNUSED_VARIABLE = YES;
				IPHONEOS_DEPLOYMENT_TARGET = 26.0;
				MARKETING_VERSION = 1.0;
				MTL_ENABLE_DEBUG_INFO = NO;
				MTL_FAST_MATH = YES;
				PRODUCT_NAME = "$(TARGET_NAME)";
				SDKROOT = iphoneos;
				STRING_CATALOG_GENERATE_SYMBOLS = YES;
				SWIFT_COMPILATION_MODE = wholemodule;
				SWIFT_OPTIMIZATION_LEVEL = "-O";
				SWIFT_VERSION = 6.0;
			};
			name = Release;
		};
		AA1E0066AA1734F48616CF47 /* Release */ = {
			isa = XCBuildConfiguration;
			buildSettings = {
				CODE_SIGN_ENTITLEMENTS = WearTodayWidgets/WearTodayWidgets.entitlements;
				CODE_SIGN_IDENTITY = "Apple Development";
				CODE_SIGN_STYLE = Automatic;
				INFOPLIST_FILE = WearTodayWidgets/Info.plist;
				IPHONEOS_DEPLOYMENT_TARGET = 26.0;
				LD_RUNPATH_SEARCH_PATHS = (
					"$(inherited)",
					"@executable_path/Frameworks",
					"@executable_path/../../Frameworks",
				);
				PRODUCT_BUNDLE_IDENTIFIER = com.timarioto.WearToday.WearTodayWidgets;
				PROVISIONING_PROFILE_SPECIFIER = "";
				SDKROOT = iphoneos;
				SKIP_INSTALL = YES;
				TARGETED_DEVICE_FAMILY = "1,2";
			};
			name = Release;
		};
		B63F697D9C8E009368A0EA9C /* Release */ = {
			isa = XCBuildConfiguration;
			buildSettings = {
				BUNDLE_LOADER = "$(TEST_HOST)";
				CODE_SIGN_IDENTITY = "Apple Development";
				CODE_SIGN_STYLE = Automatic;
				GENERATE_INFOPLIST_FILE = YES;
				IPHONEOS_DEPLOYMENT_TARGET = 26.0;
				LD_RUNPATH_SEARCH_PATHS = (
					"$(inherited)",
					"@executable_path/Frameworks",
					"@loader_path/Frameworks",
				);
				PRODUCT_BUNDLE_IDENTIFIER = com.timarioto.WearTodayTests;
				PROVISIONING_PROFILE_SPECIFIER = "";
				SDKROOT = iphoneos;
				TARGETED_DEVICE_FAMILY = "1,2";
				TEST_HOST = "$(BUILT_PRODUCTS_DIR)/WearToday.app/WearToday";
			};
			name = Release;
		};
		DEBAA3CF0536B1ECAE4582F0 /* Debug */ = {
			isa = XCBuildConfiguration;
			buildSettings = {
				CODE_SIGN_ENTITLEMENTS = WearTodayWidgets/WearTodayWidgets.entitlements;
				CODE_SIGN_IDENTITY = "Apple Development";
				CODE_SIGN_STYLE = Automatic;
				INFOPLIST_FILE = WearTodayWidgets/Info.plist;
				IPHONEOS_DEPLOYMENT_TARGET = 26.0;
				LD_RUNPATH_SEARCH_PATHS = (
					"$(inherited)",
					"@executable_path/Frameworks",
					"@executable_path/../../Frameworks",
				);
				PRODUCT_BUNDLE_IDENTIFIER = com.timarioto.WearToday.WearTodayWidgets;
				PROVISIONING_PROFILE_SPECIFIER = "";
				SDKROOT = iphoneos;
				SKIP_INSTALL = YES;
				TARGETED_DEVICE_FAMILY = "1,2";
			};
			name = Debug;
		};
		ED3C9D1AF0F631E758EEDEDF /* Debug */ = {
			isa = XCBuildConfiguration;
			buildSettings = {
				ASSETCATALOG_COMPILER_ALTERNATE_APPICON_NAMES = "AppIcon-Beta";
				ASSETCATALOG_COMPILER_APPICON_NAME = "AppIcon-Dev";
				ASSETCATALOG_COMPILER_GLOBAL_ACCENT_COLOR_NAME = AccentColor;
				ASSETCATALOG_COMPILER_INCLUDE_ALL_APPICON_ASSETS = NO;
				CODE_SIGN_ENTITLEMENTS = WearToday/WearToday.entitlements;
				CODE_SIGN_IDENTITY = "Apple Development";
				CODE_SIGN_STYLE = Automatic;
				GENERATE_INFOPLIST_FILE = YES;
				INFOPLIST_KEY_ITSAppUsesNonExemptEncryption = NO;
				INFOPLIST_KEY_NSLocationWhenInUseUsageDescription = "WearToday uses your location to check today's weather and recommend what to wear and bring.";
				INFOPLIST_KEY_UIApplicationSceneManifest_Generation = YES;
				INFOPLIST_KEY_UILaunchScreen_Generation = YES;
				INFOPLIST_KEY_UISupportedInterfaceOrientations = UIInterfaceOrientationPortrait;
				IPHONEOS_DEPLOYMENT_TARGET = 26.0;
				LD_RUNPATH_SEARCH_PATHS = (
					"$(inherited)",
					"@executable_path/Frameworks",
				);
				PRODUCT_BUNDLE_IDENTIFIER = com.timarioto.WearToday;
				PROVISIONING_PROFILE_SPECIFIER = "";
				SDKROOT = iphoneos;
				TARGETED_DEVICE_FAMILY = 1;
			};
			name = Debug;
		};
/* End XCBuildConfiguration section */

/* Begin XCConfigurationList section */
		2A554608A28F34AA2AEE5F21 /* Build configuration list for PBXProject "WearToday" */ = {
			isa = XCConfigurationList;
			buildConfigurations = (
				5B5E852593649342307B8A00 /* Debug */,
				87F336838B9998D07BD76760 /* Release */,
			);
			defaultConfigurationIsVisible = 0;
			defaultConfigurationName = Debug;
		};
		61C59EAAFE038435E3533515 /* Build configuration list for PBXNativeTarget "WearTodayWidgetsExtension" */ = {
			isa = XCConfigurationList;
			buildConfigurations = (
				DEBAA3CF0536B1ECAE4582F0 /* Debug */,
				AA1E0066AA1734F48616CF47 /* Release */,
			);
			defaultConfigurationIsVisible = 0;
			defaultConfigurationName = Debug;
		};
		9F99753FC072BEC50D4A7F05 /* Build configuration list for PBXNativeTarget "WearTodayTests" */ = {
			isa = XCConfigurationList;
			buildConfigurations = (
				825BADF2C467FD1595F03E61 /* Debug */,
				B63F697D9C8E009368A0EA9C /* Release */,
			);
			defaultConfigurationIsVisible = 0;
			defaultConfigurationName = Debug;
		};
		F1F829BB8BFBCC17A08E23F3 /* Build configuration list for PBXNativeTarget "WearToday" */ = {
			isa = XCConfigurationList;
			buildConfigurations = (
				ED3C9D1AF0F631E758EEDEDF /* Debug */,
				690D26498AF59DE23A2067B5 /* Release */,
			);
			defaultConfigurationIsVisible = 0;
			defaultConfigurationName = Debug;
		};
/* End XCConfigurationList section */
	};
	rootObject = 2EF548DC0C35D3A39E9D9C4B /* Project object */;
}
